
Microsoft Visual Studio Solution File, Format Version 12.00
# Visual Studio Version 16
VisualStudioVersion = 16.0.29709.97
MinimumVisualStudioVersion = 10.0.40219.1
Project("{FAE04EC0-301F-11D3-BF4B-00C04F79EFBC}") = "BnakApp", "BnakApp\BnakApp.csproj", "{C26982EF-E346-47E7-A797-0BD276C295D4}"
EndProject
Global
	GlobalSection(SolutionConfigurationPlatforms) = preSolution
		Debug|Any CPU = Debug|Any CPU
		Release|Any CPU = Release|Any CPU
	EndGlobalSection
	GlobalSection(ProjectConfigurationPlatforms) = postSolution
		{C26982EF-E346-47E7-A797-0BD276C295D4}.Debug|Any CPU.ActiveCfg = Debug|Any CPU
		{C26982EF-E346-47E7-A797-0BD276C295D4}.Debug|Any CPU.Build.0 = Debug|Any CPU
		{C26982EF-E346-47E7-A797-0BD276C295D4}.Release|Any CPU.ActiveCfg = Release|Any CPU
		{C26982EF-E346-47E7-A797-0BD276C295D4}.Release|Any CPU.Build.0 = Release|Any CPU
	EndGlobalSection
	GlobalSection(SolutionProperties) = preSolution
		HideSolutionNode = FALSE
	EndGlobalSection
	GlobalSection(ExtensibilityGlobals) = postSolution
		SolutionGuid = {F83BD258-8D6A-4FA3-B014-947F63487C29}
	EndGlobalSection
EndGlobal
